{
  "name": "cliss",
  "version": "0.0.6",
  "lockfileVersion": 1,
  "requires": true,
  "dependencies": {
    "ansi-escape-sequences": {
      "version": "4.0.0",
      "resolved": "https://registry.npmjs.org/ansi-escape-sequences/-/ansi-escape-sequences-4.0.0.tgz",
      "integrity": "sha512-v+0wW9Wezwsyb0uF4aBVCjmSqit3Ru7PZFziGF0o2KwTvN2zWfTi3BRLq9EkJFdg3eBbyERXGTntVpBxH1J68Q==",
      "requires": {
        "array-back": "^2.0.0"
      }
    },
    "ansi-regex": {
      "version": "3.0.0",
      "resolved": "https://registry.npmjs.org/ansi-regex/-/ansi-regex-3.0.0.tgz",
      "integrity": "sha1-7QMXwyIGT3lGbAKWa922Bas32Zg="
    },
    "array-back": {
      "version": "2.0.0",
      "resolved": "https://registry.npmjs.org/array-back/-/array-back-2.0.0.tgz",
      "integrity": "sha512-eJv4pLLufP3g5kcZry0j6WXpIbzYw9GUB4mVJZno9wfwiBxbizTnHCw3VJb07cBihbFX48Y7oSrW9y+gt4glyw==",
      "requires": {
        "typical": "^2.6.1"
      }
    },
    "balanced-match": {
      "version": "1.0.0",
      "resolved": "https://registry.npmjs.org/balanced-match/-/balanced-match-1.0.0.tgz",
      "integrity": "sha1-ibTRmasr7kneFk6gK4nORi1xt2c=",
      "dev": true
    },
    "brace-expansion": {
      "version": "1.1.8",
      "resolved": "https://registry.npmjs.org/brace-expansion/-/brace-expansion-1.1.8.tgz",
      "integrity": "sha1-wHshHHyVLsH479Uad+8NHTmQopI=",
      "dev": true,
      "requires": {
        "balanced-match": "^1.0.0",
        "concat-map": "0.0.1"
      }
    },
    "browser-stdout": {
      "version": "1.3.0",
      "resolved": "https://registry.npmjs.org/browser-stdout/-/browser-stdout-1.3.0.tgz",
      "integrity": "sha1-81HTKWnTL6XXpVZxVCY9korjvR8=",
      "dev": true
    },
    "camelcase": {
      "version": "4.1.0",
      "resolved": "https://registry.npmjs.org/camelcase/-/camelcase-4.1.0.tgz",
      "integrity": "sha1-1UVjW+HjPFQmScaRc+Xeas+uNN0="
    },
    "cliss": {
      "version": "0.0.2",
      "resolved": "https://registry.npmjs.org/cliss/-/cliss-0.0.2.tgz",
      "integrity": "sha512-6rj9pgdukjT994Md13JCUAgTk91abAKrygL9sAvmHY4F6AKMOV8ccGaxhUUfcBuyg3sundWnn3JE0Mc9W6ZYqw==",
      "requires": {
        "command-line-usage": "^4.0.1",
        "deepmerge": "^2.0.0",
        "get-stdin": "^5.0.1",
        "inspect-parameters-declaration": "0.0.9",
        "object-to-arguments": "0.0.8",
        "pipe-functions": "^1.3.0",
        "strip-ansi": "^4.0.0",
        "yargs-parser": "^7.0.0"
      },
      "dependencies": {
        "inspect-parameters-declaration": {
          "version": "0.0.9",
          "resolved": "https://registry.npmjs.org/inspect-parameters-declaration/-/inspect-parameters-declaration-0.0.9.tgz",
          "integrity": "sha512-c3jrKKA1rwwrsjdGMAo2hFWV0vNe3/RKHxpE/OBt41LP3ynOVI1qmgxpZYK5SQu3jtWCyaho8L7AZzCjJ4mEUw==",
          "requires": {
            "magicli": "0.0.5",
            "split-skip": "0.0.2",
            "stringify-parameters": "0.0.4",
            "unpack-string": "0.0.2"
          }
        },
        "object-to-arguments": {
          "version": "0.0.8",
          "resolved": "https://registry.npmjs.org/object-to-arguments/-/object-to-arguments-0.0.8.tgz",
          "integrity": "sha512-BfWfuAwuhdH1bhMG5EG90WE/eckkBhBvnke8eSEkCDXoLE9Jk5JwYGTbCx1ehGwV48HvBkn62VukPBdlMUOY9w==",
          "requires": {
            "inspect-parameters-declaration": "0.0.10",
            "magicli": "0.0.5",
            "split-skip": "0.0.2",
            "stringify-parameters": "0.0.4",
            "unpack-string": "0.0.2"
          },
          "dependencies": {
            "inspect-parameters-declaration": {
              "version": "0.0.10",
              "resolved": "https://registry.npmjs.org/inspect-parameters-declaration/-/inspect-parameters-declaration-0.0.10.tgz",
              "integrity": "sha512-L8/Bvt9iDXQTZ63xY5/MAyvzz+FagR/qGh1kIXvUpsno3AAE0Z95d6QO51zrcMGaEGpwh/57idfMxTxbvRmytg==",
              "requires": {
                "magicli": "0.0.5",
                "split-skip": "0.0.2",
                "stringify-parameters": "0.0.4",
                "unpack-string": "0.0.2"
              }
            }
          }
        }
      }
    },
    "command-line-usage": {
      "version": "4.0.1",
      "resolved": "https://registry.npmjs.org/command-line-usage/-/command-line-usage-4.0.1.tgz",
      "integrity": "sha512-IqYzZuXizukrdhnbdUj2hh4iceycow+Jn10mER4lwU4IapYvl5ZzoRPsj5Yraew5oRk4yfFKMuULGvAfb5o29w==",
      "requires": {
        "ansi-escape-sequences": "^4.0.0",
        "array-back": "^2.0.0",
        "table-layout": "^0.4.1",
        "typical": "^2.6.1"
      }
    },
    "commander": {
      "version": "2.11.0",
      "resolved": "https://registry.npmjs.org/commander/-/commander-2.11.0.tgz",
      "integrity": "sha512-b0553uYA5YAEGgyYIGYROzKQ7X5RAqedkfjiZxwi0kL1g3bOaBNNZfYkzt/CL0umgD5wc9Jec2FbB98CjkMRvQ=="
    },
    "concat-map": {
      "version": "0.0.1",
      "resolved": "https://registry.npmjs.org/concat-map/-/concat-map-0.0.1.tgz",
      "integrity": "sha1-2Klr13/Wjfd5OnMDajug1UBdR3s=",
      "dev": true
    },
    "debug": {
      "version": "3.1.0",
      "resolved": "https://registry.npmjs.org/debug/-/debug-3.1.0.tgz",
      "integrity": "sha512-OX8XqP7/1a9cqkxYw2yXss15f26NKWBpDXQd0/uK/KPqdQhxbPa994hnzjcE2VqQpDslf55723cKPUOGSmMY3g==",
      "dev": true,
      "requires": {
        "ms": "2.0.0"
      }
    },
    "deep-extend": {
      "version": "0.5.1",
      "resolved": "https://registry.npmjs.org/deep-extend/-/deep-extend-0.5.1.tgz",
      "integrity": "sha512-N8vBdOa+DF7zkRrDCsaOXoCs/E2fJfx9B9MrKnnSiHNh4ws7eSys6YQE4KvT1cecKmOASYQBhbKjeuDD9lT81w=="
    },
    "deepmerge": {
      "version": "2.0.0",
      "resolved": "https://registry.npmjs.org/deepmerge/-/deepmerge-2.0.0.tgz",
      "integrity": "sha512-YiTeIE16rJ/BCCbWYueeQoKkhoolGHqynDZmB03gPqMt6y3duJG6+po7zdMm7UK5o3njDm4Yyuqr4082G4M4Zw=="
    },
    "diff": {
      "version": "3.3.1",
      "resolved": "https://registry.npmjs.org/diff/-/diff-3.3.1.tgz",
      "integrity": "sha512-MKPHZDMB0o6yHyDryUOScqZibp914ksXwAMYMTHj6KO8UeKsRYNJD3oNCKjTqZon+V488P7N/HzXF8t7ZR95ww==",
      "dev": true
    },
    "escape-string-regexp": {
      "version": "1.0.5",
      "resolved": "https://registry.npmjs.org/escape-string-regexp/-/escape-string-regexp-1.0.5.tgz",
      "integrity": "sha1-G2HAViGQqN/2rjuyzwIAyhMLhtQ=",
      "dev": true
    },
    "find-up": {
      "version": "2.1.0",
      "resolved": "https://registry.npmjs.org/find-up/-/find-up-2.1.0.tgz",
      "integrity": "sha1-RdG35QbHF93UgndaK3eSCjwMV6c=",
      "requires": {
        "locate-path": "^2.0.0"
      }
    },
    "for-each-property": {
      "version": "0.0.4",
      "resolved": "https://registry.npmjs.org/for-each-property/-/for-each-property-0.0.4.tgz",
      "integrity": "sha1-z6hXrsFCLh0Sb/CHhPz2Jim8g/Y=",
      "requires": {
        "get-prototype-chain": "^1.0.1"
      }
    },
    "for-each-property-deep": {
      "version": "0.0.3",
      "resolved": "https://registry.npmjs.org/for-each-property-deep/-/for-each-property-deep-0.0.3.tgz",
      "integrity": "sha1-MTCaSvw4qcygbxsiP1PWSm0IP60=",
      "requires": {
        "for-each-property": "0.0.4"
      }
    },
    "fs.realpath": {
      "version": "1.0.0",
      "resolved": "https://registry.npmjs.org/fs.realpath/-/fs.realpath-1.0.0.tgz",
      "integrity": "sha1-FQStJSMVjKpA20onh8sBQRmU6k8=",
      "dev": true
    },
    "get-prototype-chain": {
      "version": "1.0.1",
      "resolved": "https://registry.npmjs.org/get-prototype-chain/-/get-prototype-chain-1.0.1.tgz",
      "integrity": "sha1-oXGhFeoeSQbG7ThDofABwYUQQW8="
    },
    "get-stdin": {
      "version": "5.0.1",
      "resolved": "https://registry.npmjs.org/get-stdin/-/get-stdin-5.0.1.tgz",
      "integrity": "sha1-Ei4WFZHiH/TFJTAwVpPyDmOTo5g="
    },
    "glob": {
      "version": "7.1.2",
      "resolved": "https://registry.npmjs.org/glob/-/glob-7.1.2.tgz",
      "integrity": "sha512-MJTUg1kjuLeQCJ+ccE4Vpa6kKVXkPYJ2mOCQyUuKLcLQsdrMCpBPUi8qVE6+YuaJkozeA9NusTAw3hLr8Xe5EQ==",
      "dev": true,
      "requires": {
        "fs.realpath": "^1.0.0",
        "inflight": "^1.0.4",
        "inherits": "2",
        "minimatch": "^3.0.4",
        "once": "^1.3.0",
        "path-is-absolute": "^1.0.0"
      }
    },
    "growl": {
      "version": "1.10.3",
      "resolved": "https://registry.npmjs.org/growl/-/growl-1.10.3.tgz",
      "integrity": "sha512-hKlsbA5Vu3xsh1Cg3J7jSmX/WaW6A5oBeqzM88oNbCRQFz+zUaXm6yxS4RVytp1scBoJzSYl4YAEOQIt6O8V1Q==",
      "dev": true
    },
    "has-flag": {
      "version": "2.0.0",
      "resolved": "https://registry.npmjs.org/has-flag/-/has-flag-2.0.0.tgz",
      "integrity": "sha1-6CB68cx7MNRGzHC3NLXovhj4jVE=",
      "dev": true
    },
    "he": {
      "version": "1.1.1",
      "resolved": "https://registry.npmjs.org/he/-/he-1.1.1.tgz",
      "integrity": "sha1-k0EP0hsAlzUVH4howvJx80J+I/0=",
      "dev": true
    },
    "inflight": {
      "version": "1.0.6",
      "resolved": "https://registry.npmjs.org/inflight/-/inflight-1.0.6.tgz",
      "integrity": "sha1-Sb1jMdfQLQwJvJEKEHW6gWW1bfk=",
      "dev": true,
      "requires": {
        "once": "^1.3.0",
        "wrappy": "1"
      }
    },
    "inherits": {
      "version": "2.0.3",
      "resolved": "https://registry.npmjs.org/inherits/-/inherits-2.0.3.tgz",
      "integrity": "sha1-Yzwsg+PaQqUC9SRmAiSA9CCCYd4=",
      "dev": true
    },
    "inspect-function": {
      "version": "0.2.2",
      "resolved": "https://registry.npmjs.org/inspect-function/-/inspect-function-0.2.2.tgz",
      "integrity": "sha1-hdoMUli8TDMK4yg7Z0fgdZ2QpjU=",
      "requires": {
        "split-skip": "0.0.1",
        "unpack-string": "0.0.2"
      },
      "dependencies": {
        "split-skip": {
          "version": "0.0.1",
          "resolved": "https://registry.npmjs.org/split-skip/-/split-skip-0.0.1.tgz",
          "integrity": "sha1-gK2ONumOV2RUzDtmfB3SXYZejwA="
        }
      }
    },
    "inspect-parameters-declaration": {
      "version": "0.1.0",
      "resolved": "https://registry.npmjs.org/inspect-parameters-declaration/-/inspect-parameters-declaration-0.1.0.tgz",
      "integrity": "sha512-06xVJBwmGsVwA/Nap6Yfb2PFP+qJWibVzGRvYtA9DiEJqhZNlSB2uEoDGBlGinSiOOGGldozT5fMZD0ZhVJB1w==",
      "requires": {
        "magicli": "0.0.8",
        "split-skip": "0.0.2",
        "stringify-parameters": "0.0.7",
        "unpack-string": "0.0.2"
      },
      "dependencies": {
        "magicli": {
          "version": "0.0.8",
          "resolved": "https://registry.npmjs.org/magicli/-/magicli-0.0.8.tgz",
          "integrity": "sha512-x/eBenweAHF+DsYy172sK4doRxZl0yrJnfxhLJiN7H6hPM3Ya0PfI6uBZshZ3ScFFSQD7HXgBqMdbnXKEZsO1g==",
          "requires": {
            "cliss": "0.0.2",
            "find-up": "^2.1.0",
            "for-each-property": "0.0.4",
            "inspect-property": "0.0.6"
          }
        },
        "stringify-parameters": {
          "version": "0.0.7",
          "resolved": "https://registry.npmjs.org/stringify-parameters/-/stringify-parameters-0.0.7.tgz",
          "integrity": "sha512-kBKDav/PD7NKhgCFyD238Ba1Mt2OaBHTy5WheSUSIVuSsW7npRAyVGAiBA9HXhcp8vK2QHnNrpbkIAmebe2ppQ==",
          "requires": {
            "magicli": "0.0.8",
            "unpack-string": "0.0.2"
          }
        }
      }
    },
    "inspect-property": {
      "version": "0.0.6",
      "resolved": "https://registry.npmjs.org/inspect-property/-/inspect-property-0.0.6.tgz",
      "integrity": "sha512-LgjHkRl9W6bj2n+kWrAOgvCYPTYt+LanE4rtd/vKNq6yEb+SvVV7UTLzoSPpDX6/U1cAz7VfqPr+lPAIz7wHaQ==",
      "requires": {
        "for-each-property": "0.0.4",
        "for-each-property-deep": "0.0.3",
        "inspect-function": "^0.3.1"
      },
      "dependencies": {
        "inspect-function": {
          "version": "0.3.4",
          "resolved": "https://registry.npmjs.org/inspect-function/-/inspect-function-0.3.4.tgz",
          "integrity": "sha512-s0RsbJqK/sNZ+U1mykGoTickog3ea1A9Qk4mXniogOBu4PgkkZ56elScO7QC/r8D94lhGmJ2NyDI1ipOA/uq/g==",
          "requires": {
            "inspect-parameters-declaration": "0.0.8",
            "magicli": "0.0.8",
            "split-skip": "0.0.1",
            "stringify-parameters": "0.0.4",
            "unpack-string": "0.0.2"
          }
        },
        "inspect-parameters-declaration": {
          "version": "0.0.8",
          "resolved": "https://registry.npmjs.org/inspect-parameters-declaration/-/inspect-parameters-declaration-0.0.8.tgz",
          "integrity": "sha512-W4QzN1LgFmasKOM+NoLlDd2OAZM3enNZlVUOXoGQKmYBDFgxoPDOyebF55ALaf8avyM9TavNwibXxg347RrzCg==",
          "requires": {
            "magicli": "0.0.5",
            "split-skip": "0.0.2",
            "stringify-parameters": "0.0.4",
            "unpack-string": "0.0.2"
          },
          "dependencies": {
            "inspect-function": {
              "version": "0.2.2",
              "resolved": "https://registry.npmjs.org/inspect-function/-/inspect-function-0.2.2.tgz",
              "integrity": "sha1-hdoMUli8TDMK4yg7Z0fgdZ2QpjU=",
              "requires": {
                "split-skip": "0.0.1",
                "unpack-string": "0.0.2"
              },
              "dependencies": {
                "split-skip": {
                  "version": "0.0.1",
                  "resolved": "https://registry.npmjs.org/split-skip/-/split-skip-0.0.1.tgz",
                  "integrity": "sha1-gK2ONumOV2RUzDtmfB3SXYZejwA="
                }
              }
            },
            "magicli": {
              "version": "0.0.5",
              "resolved": "https://registry.npmjs.org/magicli/-/magicli-0.0.5.tgz",
              "integrity": "sha1-zufQ+7THBRiqyxHsPrfiX/SaSSE=",
              "requires": {
                "commander": "^2.9.0",
                "get-stdin": "^5.0.1",
                "inspect-function": "^0.2.1",
                "pipe-functions": "^1.2.0"
              }
            },
            "split-skip": {
              "version": "0.0.2",
              "resolved": "https://registry.npmjs.org/split-skip/-/split-skip-0.0.2.tgz",
              "integrity": "sha1-2J2Iu9L3Pka1FYqjcKVhIk6A1GE="
            }
          }
        },
        "magicli": {
          "version": "0.0.8",
          "resolved": "https://registry.npmjs.org/magicli/-/magicli-0.0.8.tgz",
          "integrity": "sha512-x/eBenweAHF+DsYy172sK4doRxZl0yrJnfxhLJiN7H6hPM3Ya0PfI6uBZshZ3ScFFSQD7HXgBqMdbnXKEZsO1g==",
          "requires": {
            "cliss": "0.0.2",
            "find-up": "^2.1.0",
            "for-each-property": "0.0.4",
            "inspect-property": "0.0.6"
          }
        },
        "split-skip": {
          "version": "0.0.1",
          "resolved": "https://registry.npmjs.org/split-skip/-/split-skip-0.0.1.tgz",
          "integrity": "sha1-gK2ONumOV2RUzDtmfB3SXYZejwA="
        }
      }
    },
    "locate-path": {
      "version": "2.0.0",
      "resolved": "https://registry.npmjs.org/locate-path/-/locate-path-2.0.0.tgz",
      "integrity": "sha1-K1aLJl7slExtnA3pw9u7ygNUzY4=",
      "requires": {
        "p-locate": "^2.0.0",
        "path-exists": "^3.0.0"
      }
    },
    "lodash.padend": {
      "version": "4.6.1",
      "resolved": "https://registry.npmjs.org/lodash.padend/-/lodash.padend-4.6.1.tgz",
      "integrity": "sha1-U8y6BH0G4VjTEfRdpiX05J5vFm4="
    },
    "magicli": {
      "version": "0.0.5",
      "resolved": "https://registry.npmjs.org/magicli/-/magicli-0.0.5.tgz",
      "integrity": "sha1-zufQ+7THBRiqyxHsPrfiX/SaSSE=",
      "requires": {
        "commander": "^2.9.0",
        "get-stdin": "^5.0.1",
        "inspect-function": "^0.2.1",
        "pipe-functions": "^1.2.0"
      }
    },
    "minimatch": {
      "version": "3.0.4",
      "resolved": "https://registry.npmjs.org/minimatch/-/minimatch-3.0.4.tgz",
      "integrity": "sha512-yJHVQEhyqPLUTgt9B83PXu6W3rx4MvvHvSUvToogpwoGDOUQ+yDrR0HRot+yOCdCO7u4hX3pWft6kWBBcqh0UA==",
      "dev": true,
      "requires": {
        "brace-expansion": "^1.1.7"
      }
    },
    "minimist": {
      "version": "0.0.8",
      "resolved": "https://registry.npmjs.org/minimist/-/minimist-0.0.8.tgz",
      "integrity": "sha1-hX/Kv8M5fSYluCKCYuhqp6ARsF0=",
      "dev": true
    },
    "mkdirp": {
      "version": "0.5.1",
      "resolved": "https://registry.npmjs.org/mkdirp/-/mkdirp-0.5.1.tgz",
      "integrity": "sha1-MAV0OOrGz3+MR2fzhkjWaX11yQM=",
      "dev": true,
      "requires": {
        "minimist": "0.0.8"
      }
    },
    "mocha": {
      "version": "4.0.1",
      "resolved": "https://registry.npmjs.org/mocha/-/mocha-4.0.1.tgz",
      "integrity": "sha512-evDmhkoA+cBNiQQQdSKZa2b9+W2mpLoj50367lhy+Klnx9OV8XlCIhigUnn1gaTFLQCa0kdNhEGDr0hCXOQFDw==",
      "dev": true,
      "requires": {
        "browser-stdout": "1.3.0",
        "commander": "2.11.0",
        "debug": "3.1.0",
        "diff": "3.3.1",
        "escape-string-regexp": "1.0.5",
        "glob": "7.1.2",
        "growl": "1.10.3",
        "he": "1.1.1",
        "mkdirp": "0.5.1",
        "supports-color": "4.4.0"
      }
    },
    "ms": {
      "version": "2.0.0",
      "resolved": "https://registry.npmjs.org/ms/-/ms-2.0.0.tgz",
      "integrity": "sha1-VgiurfwAvmwpAd9fmGF4jeDVl8g=",
      "dev": true
    },
    "object-to-arguments": {
      "version": "0.1.0",
      "resolved": "https://registry.npmjs.org/object-to-arguments/-/object-to-arguments-0.1.0.tgz",
      "integrity": "sha512-To3khIQt4DeuRqud1hW85Ppq4aIPkVlDXebk/reGUq9+Xz3haU4DEixmqO5+TIV6sghqQ5D4aTunRQkWHQJCaA==",
      "requires": {
        "inspect-parameters-declaration": "0.1.0",
        "magicli": "0.0.5",
        "split-skip": "0.0.2",
        "stringify-parameters": "0.0.7",
        "unpack-string": "0.0.2"
      },
      "dependencies": {
        "inspect-parameters-declaration": {
          "version": "0.1.0",
          "resolved": "https://registry.npmjs.org/inspect-parameters-declaration/-/inspect-parameters-declaration-0.1.0.tgz",
          "integrity": "sha512-06xVJBwmGsVwA/Nap6Yfb2PFP+qJWibVzGRvYtA9DiEJqhZNlSB2uEoDGBlGinSiOOGGldozT5fMZD0ZhVJB1w==",
          "requires": {
            "magicli": "0.0.8",
            "split-skip": "0.0.2",
            "stringify-parameters": "0.0.7",
            "unpack-string": "0.0.2"
          },
          "dependencies": {
            "magicli": {
              "version": "0.0.8",
              "resolved": "https://registry.npmjs.org/magicli/-/magicli-0.0.8.tgz",
              "integrity": "sha512-x/eBenweAHF+DsYy172sK4doRxZl0yrJnfxhLJiN7H6hPM3Ya0PfI6uBZshZ3ScFFSQD7HXgBqMdbnXKEZsO1g==",
              "requires": {
                "cliss": "0.0.2",
                "find-up": "^2.1.0",
                "for-each-property": "0.0.4",
                "inspect-property": "0.0.6"
              }
            }
          }
        },
        "stringify-parameters": {
          "version": "0.0.7",
          "resolved": "https://registry.npmjs.org/stringify-parameters/-/stringify-parameters-0.0.7.tgz",
          "integrity": "sha512-kBKDav/PD7NKhgCFyD238Ba1Mt2OaBHTy5WheSUSIVuSsW7npRAyVGAiBA9HXhcp8vK2QHnNrpbkIAmebe2ppQ==",
          "requires": {
            "magicli": "0.0.8",
            "unpack-string": "0.0.2"
          },
          "dependencies": {
            "magicli": {
              "version": "0.0.8",
              "resolved": "https://registry.npmjs.org/magicli/-/magicli-0.0.8.tgz",
              "integrity": "sha512-x/eBenweAHF+DsYy172sK4doRxZl0yrJnfxhLJiN7H6hPM3Ya0PfI6uBZshZ3ScFFSQD7HXgBqMdbnXKEZsO1g==",
              "requires": {
                "cliss": "0.0.2",
                "find-up": "^2.1.0",
                "for-each-property": "0.0.4",
                "inspect-property": "0.0.6"
              }
            }
          }
        }
      }
    },
    "once": {
      "version": "1.4.0",
      "resolved": "https://registry.npmjs.org/once/-/once-1.4.0.tgz",
      "integrity": "sha1-WDsap3WWHUsROsF9nFC6753Xa9E=",
      "dev": true,
      "requires": {
        "wrappy": "1"
      }
    },
    "p-limit": {
      "version": "1.3.0",
      "resolved": "https://registry.npmjs.org/p-limit/-/p-limit-1.3.0.tgz",
      "integrity": "sha512-vvcXsLAJ9Dr5rQOPk7toZQZJApBl2K4J6dANSsEuh6QI41JYcsS/qhTGa9ErIUUgK3WNQoJYvylxvjqmiqEA9Q==",
      "requires": {
        "p-try": "^1.0.0"
      }
    },
    "p-locate": {
      "version": "2.0.0",
      "resolved": "https://registry.npmjs.org/p-locate/-/p-locate-2.0.0.tgz",
      "integrity": "sha1-IKAQOyIqcMj9OcwuWAaA893l7EM=",
      "requires": {
        "p-limit": "^1.1.0"
      }
    },
    "p-try": {
      "version": "1.0.0",
      "resolved": "https://registry.npmjs.org/p-try/-/p-try-1.0.0.tgz",
      "integrity": "sha1-y8ec26+P1CKOE/Yh8rGiN8GyB7M="
    },
    "path-exists": {
      "version": "3.0.0",
      "resolved": "https://registry.npmjs.org/path-exists/-/path-exists-3.0.0.tgz",
      "integrity": "sha1-zg6+ql94yxiSXqfYENe1mwEP1RU="
    },
    "path-is-absolute": {
      "version": "1.0.1",
      "resolved": "https://registry.npmjs.org/path-is-absolute/-/path-is-absolute-1.0.1.tgz",
      "integrity": "sha1-F0uSaHNVNP+8es5r9TpanhtcX18=",
      "dev": true
    },
    "pipe-functions": {
      "version": "1.3.0",
      "resolved": "https://registry.npmjs.org/pipe-functions/-/pipe-functions-1.3.0.tgz",
      "integrity": "sha512-6Rtbp7criZRwedlvWbUYxqlqJoAlMvYHo2UcRWq79xZ54vZcaNHpVBOcWkX3ErT2aUA69tv+uiv4zKJbhD/Wgg=="
    },
    "reduce-flatten": {
      "version": "1.0.1",
      "resolved": "https://registry.npmjs.org/reduce-flatten/-/reduce-flatten-1.0.1.tgz",
      "integrity": "sha1-JYx479FT3fk8tWEjf2EYTzaW4yc="
    },
    "split-skip": {
      "version": "0.0.2",
      "resolved": "https://registry.npmjs.org/split-skip/-/split-skip-0.0.2.tgz",
      "integrity": "sha1-2J2Iu9L3Pka1FYqjcKVhIk6A1GE="
    },
    "stringify-parameters": {
      "version": "0.0.4",
      "resolved": "https://registry.npmjs.org/stringify-parameters/-/stringify-parameters-0.0.4.tgz",
      "integrity": "sha512-H3L90ERn5UPtkpO8eugnKcLgpIVlvTyUTrcLGm607AV5JDH6z0GymtNLr3gjGlP6I6NB/mxNX9QpY6jEQGLPdQ==",
      "requires": {
        "magicli": "0.0.5",
        "unpack-string": "0.0.2"
      }
    },
    "strip-ansi": {
      "version": "4.0.0",
      "resolved": "https://registry.npmjs.org/strip-ansi/-/strip-ansi-4.0.0.tgz",
      "integrity": "sha1-qEeQIusaw2iocTibY1JixQXuNo8=",
      "requires": {
        "ansi-regex": "^3.0.0"
      }
    },
    "supports-color": {
      "version": "4.4.0",
      "resolved": "https://registry.npmjs.org/supports-color/-/supports-color-4.4.0.tgz",
      "integrity": "sha512-rKC3+DyXWgK0ZLKwmRsrkyHVZAjNkfzeehuFWdGGcqGDTZFH73+RH6S/RDAAxl9GusSjZSUWYLmT9N5pzXFOXQ==",
      "dev": true,
      "requires": {
        "has-flag": "^2.0.0"
      }
    },
    "table-layout": {
      "version": "0.4.2",
      "resolved": "https://registry.npmjs.org/table-layout/-/table-layout-0.4.2.tgz",
      "integrity": "sha512-tygyl5+eSHj4chpq5Zfy6cpc7MOUBClAW9ozghFH7hg9bAUzShOYn+/vUzTRkKOSLJWKfgYtP2tAU2c0oAD8eg==",
      "requires": {
        "array-back": "^2.0.0",
        "deep-extend": "~0.5.0",
        "lodash.padend": "^4.6.1",
        "typical": "^2.6.1",
        "wordwrapjs": "^3.0.0"
      }
    },
    "typical": {
      "version": "2.6.1",
      "resolved": "https://registry.npmjs.org/typical/-/typical-2.6.1.tgz",
      "integrity": "sha1-XAgOXWYcu+OCWdLnCjxyU+hziB0="
    },
    "unpack-string": {
      "version": "0.0.2",
      "resolved": "https://registry.npmjs.org/unpack-string/-/unpack-string-0.0.2.tgz",
      "integrity": "sha1-MC7PCCOLATm9Q0pNf9Z83zPKJ10="
    },
    "wordwrapjs": {
      "version": "3.0.0",
      "resolved": "https://registry.npmjs.org/wordwrapjs/-/wordwrapjs-3.0.0.tgz",
      "integrity": "sha512-mO8XtqyPvykVCsrwj5MlOVWvSnCdT+C+QVbm6blradR7JExAhbkZ7hZ9A+9NUtwzSqrlUo9a67ws0EiILrvRpw==",
      "requires": {
        "reduce-flatten": "^1.0.1",
        "typical": "^2.6.1"
      }
    },
    "wrappy": {
      "version": "1.0.2",
      "resolved": "https://registry.npmjs.org/wrappy/-/wrappy-1.0.2.tgz",
      "integrity": "sha1-tSQ9jz7BqjXxNkYFvA0QNuMKtp8=",
      "dev": true
    },
    "yargs-parser": {
      "version": "7.0.0",
      "resolved": "https://registry.npmjs.org/yargs-parser/-/yargs-parser-7.0.0.tgz",
      "integrity": "sha1-jQrELxbqVd69MyyvTEA4s+P139k=",
      "requires": {
        "camelcase": "^4.1.0"
      }
    }
  }
}
